
Microsoft Visual Studio Solution File, Format Version 12.00
# Visual Studio Version 16
VisualStudioVersion = 16.0.35229.62
MinimumVisualStudioVersion = 10.0.40219.1
Project("{8BC9CEB8-8B4A-11D0-8D11-00A0C91BC942}") = "TVBPerf", "TVBPerf\TVBPerf.vcxproj", "{DFA567B6-24DE-44D6-AD27-EB41384B205A}"
EndProject
Project("{8BC9CEB8-8B4A-11D0-8D11-00A0C91BC942}") = "SceneFingerprint", "SceneFingerprint\SceneFingerprint.vcxproj", "{0C33A1C4-F0A5-46A5-9282-79DA8569EC90}"
EndProject
Global
	GlobalSection(SolutionConfigurationPlatforms) = preSolution
		Debug|x64 = Debug|x64
		Debug|x86 = Debug|x86
		Release|x64 = Release|x64
		Release|x86 = Release|x86
	EndGlobalSection
	GlobalSection(ProjectConfigurationPlatforms) = postSolution
		{DFA567B6-24DE-44D6-AD27-EB41384B205A}.Debug|x64.ActiveCfg = Debug|x64
		{DFA567B6-24DE-44D6-AD27-EB41384B205A}.Debug|x64.Build.0 = Debug|x64
		{DFA567B6-24DE-44D6-AD27-EB41384B205A}.Debug|x86.ActiveCfg = Debug|Win32
		{DFA567B6-24DE-44D6-AD27-EB41384B205A}.Debug|x86.Build.0 = Debug|Win32
		{DFA567B6-24DE-44D6-AD27-EB41384B205A}.Release|x64.ActiveCfg = Release|x64
		{DFA567B6-24DE-44D6-AD27-EB41384B205A}.Release|x64.Build.0 = Release|x64
		{DFA567B6-24DE-44D6-AD27-EB41384B205A}.Release|x86.ActiveCfg = Release|Win32
		{DFA567B6-24DE-44D6-AD27-EB41384B205A}.Release|x86.Build.0 = Release|Win32
		{0C33A1C4-F0A5-46A5-9282-79DA8569EC90}.Debug|x64.ActiveCfg = Debug|x64
		{0C33A1C4-F0A5-46A5-9282-79DA8569EC90}.Debug|x64.Build.0 = Debug|x64
		{0C33A1C4-F0A5-46A5-9282-79DA8569EC90}.Debug|x86.ActiveCfg = Debug|Win32
		{0C33A1C4-F0A5-46A5-9282-79DA8569EC90}.Debug|x86.Build.0 = Debug|Win32
		{0C33A1C4-F0A5-46A5-9282-79DA8569EC90}.Release|x64.ActiveCfg = Release|x64
		{0C33A1C4-F0A5-46A5-9282-79DA8569EC90}.Release|x64.Build.0 = Release|x64
		{0C33A1C4-F0A5-46A5-9282-79DA8569EC90}.Release|x86.ActiveCfg = Release|Win32
		{0C33A1C4-F0A5-46A5-9282-79DA8569EC90}.Release|x86.Build.0 = Release|Win32
	EndGlobalSection
	GlobalSection(SolutionProperties) = preSolution
		HideSolutionNode = FALSE
	EndGlobalSection
	GlobalSection(ExtensibilityGlobals) = postSolution
		SolutionGuid = {DF73774C-0ECB-4E01-9EB3-792CE9B69761}
	EndGlobalSection
EndGlobal
